
Microsoft Visual Studio Solution File, Format Version 12.00
# Visual Studio Version 17
VisualStudioVersion = 17.3.32825.248
MinimumVisualStudioVersion = 10.0.40219.1
Project("{FAE04EC0-301F-11D3-BF4B-00C04F79EFBC}") = "ContactsAPI", "ContactsAPI\ContactsAPI.csproj", "{21AD6C26-E7F9-4948-AF7C-69546C93B4DB}"
EndProject
Global
	GlobalSection(SolutionConfigurationPlatforms) = preSolution
		Debug|Any CPU = Debug|Any CPU
		Release|Any CPU = Release|Any CPU
	EndGlobalSection
	GlobalSection(ProjectConfigurationPlatforms) = postSolution
		{21AD6C26-E7F9-4948-AF7C-69546C93B4DB}.Debug|Any CPU.ActiveCfg = Debug|Any CPU
		{21AD6C26-E7F9-4948-AF7C-69546C93B4DB}.Debug|Any CPU.Build.0 = Debug|Any CPU
		{21AD6C26-E7F9-4948-AF7C-69546C93B4DB}.Release|Any CPU.ActiveCfg = Release|Any CPU
		{21AD6C26-E7F9-4948-AF7C-69546C93B4DB}.Release|Any CPU.Build.0 = Release|Any CPU
	EndGlobalSection
	GlobalSection(SolutionProperties) = preSolution
		HideSolutionNode = FALSE
	EndGlobalSection
	GlobalSection(ExtensibilityGlobals) = postSolution
		SolutionGuid = {6C93450D-01CA-4F4A-992F-33990CD72846}
	EndGlobalSection
EndGlobal
